{
  "nodes": {
    "firefox-addons": {
      "inputs": {
        "flake-utils": "flake-utils",
        "nixpkgs": [
          "nixpkgs"
        ]
      },
      "locked": {
        "dir": "pkgs/firefox-addons",
        "lastModified": 1703808561,
        "narHash": "sha256-UtrL/9sUi4YPh/4jk2PUANwuauBv7ib2ECrZT5uLhR4=",
        "owner": "rycee",
        "repo": "nur-expressions",
        "rev": "ff07acbdbfd2aa044a035fdb146411288019f7d2",
        "type": "gitlab"
      },
      "original": {
        "dir": "pkgs/firefox-addons",
        "owner": "rycee",
        "repo": "nur-expressions",
        "type": "gitlab"
      }
    },
    "flake-utils": {
      "locked": {
        "lastModified": 1629284811,
        "narHash": "sha256-JHgasjPR0/J1J3DRm4KxM4zTyAj4IOJY8vIl75v/kPI=",
        "owner": "numtide",
        "repo": "flake-utils",
        "rev": "c5d161cc0af116a2e17f54316f0bf43f0819785c",
        "type": "github"
      },
      "original": {
        "owner": "numtide",
        "repo": "flake-utils",
        "type": "github"
      }
    },
    "home-manager": {
      "inputs": {
        "nixpkgs": [
          "nixpkgs"
        ]
      },
      "locked": {
        "lastModified": 1703527373,
        "narHash": "sha256-AjypRssRtS6F3xkf7rE3/bXkIF2WJOZLbTIspjcE1zM=",
        "owner": "nix-community",
        "repo": "home-manager",
        "rev": "80679ea5074ab7190c4cce478c600057cfb5edae",
        "type": "github"
      },
      "original": {
        "owner": "nix-community",
        "repo": "home-manager",
        "type": "github"
      }
    },
    "nixpkgs": {
      "locked": {
        "lastModified": 1703255338,
        "narHash": "sha256-Z6wfYJQKmDN9xciTwU3cOiOk+NElxdZwy/FiHctCzjU=",
        "owner": "nixos",
        "repo": "nixpkgs",
        "rev": "6df37dc6a77654682fe9f071c62b4242b5342e04",
        "type": "github"
      },
      "original": {
        "owner": "nixos",
        "ref": "nixos-unstable",
        "repo": "nixpkgs",
        "type": "github"
      }
    },
    "root": {
      "inputs": {
        "firefox-addons": "firefox-addons",
        "home-manager": "home-manager",
        "nixpkgs": "nixpkgs"
      }
    }
  },
  "root": "root",
  "version": 7
}
